
Microsoft Visual Studio Solution File, Format Version 12.00
# Visual Studio Version 16
VisualStudioVersion = 16.0.30128.74
MinimumVisualStudioVersion = 10.0.40219.1
Project("{FAE04EC0-301F-11D3-BF4B-00C04F79EFBC}") = "App313.Android", "App313\App313.Android\App313.Android.csproj", "{962E3D6C-0B0D-4B07-B72F-62F26C39F0EC}"
EndProject
Project("{FAE04EC0-301F-11D3-BF4B-00C04F79EFBC}") = "App313.iOS", "App313\App313.iOS\App313.iOS.csproj", "{A254BA0F-78ED-4C50-B260-36323F0FCEEC}"
EndProject
Project("{FAE04EC0-301F-11D3-BF4B-00C04F79EFBC}") = "App313", "App313\App313\App313.csproj", "{DA2002A9-EF20-4781-878F-3B7771193E7A}"
EndProject
Global
	GlobalSection(SolutionConfigurationPlatforms) = preSolution
		Debug|Any CPU = Debug|Any CPU
		Debug|iPhone = Debug|iPhone
		Debug|iPhoneSimulator = Debug|iPhoneSimulator
		Release|Any CPU = Release|Any CPU
		Release|iPhone = Release|iPhone
		Release|iPhoneSimulator = Release|iPhoneSimulator
	EndGlobalSection
	GlobalSection(ProjectConfigurationPlatforms) = postSolution
		{962E3D6C-0B0D-4B07-B72F-62F26C39F0EC}.Debug|Any CPU.ActiveCfg = Debug|Any CPU
		{962E3D6C-0B0D-4B07-B72F-62F26C39F0EC}.Debug|Any CPU.Build.0 = Debug|Any CPU
		{962E3D6C-0B0D-4B07-B72F-62F26C39F0EC}.Debug|Any CPU.Deploy.0 = Debug|Any CPU
		{962E3D6C-0B0D-4B07-B72F-62F26C39F0EC}.Debug|iPhone.ActiveCfg = Debug|Any CPU
		{962E3D6C-0B0D-4B07-B72F-62F26C39F0EC}.Debug|iPhone.Build.0 = Debug|Any CPU
		{962E3D6C-0B0D-4B07-B72F-62F26C39F0EC}.Debug|iPhone.Deploy.0 = Debug|Any CPU
		{962E3D6C-0B0D-4B07-B72F-62F26C39F0EC}.Debug|iPhoneSimulator.ActiveCfg = Debug|Any CPU
		{962E3D6C-0B0D-4B07-B72F-62F26C39F0EC}.Debug|iPhoneSimulator.Build.0 = Debug|Any CPU
		{962E3D6C-0B0D-4B07-B72F-62F26C39F0EC}.Debug|iPhoneSimulator.Deploy.0 = Debug|Any CPU
		{962E3D6C-0B0D-4B07-B72F-62F26C39F0EC}.Release|Any CPU.ActiveCfg = Release|Any CPU
		{962E3D6C-0B0D-4B07-B72F-62F26C39F0EC}.Release|Any CPU.Build.0 = Release|Any CPU
		{962E3D6C-0B0D-4B07-B72F-62F26C39F0EC}.Release|Any CPU.Deploy.0 = Release|Any CPU
		{962E3D6C-0B0D-4B07-B72F-62F26C39F0EC}.Release|iPhone.ActiveCfg = Release|Any CPU
		{962E3D6C-0B0D-4B07-B72F-62F26C39F0EC}.Release|iPhone.Build.0 = Release|Any CPU
		{962E3D6C-0B0D-4B07-B72F-62F26C39F0EC}.Release|iPhone.Deploy.0 = Release|Any CPU
		{962E3D6C-0B0D-4B07-B72F-62F26C39F0EC}.Release|iPhoneSimulator.ActiveCfg = Release|Any CPU
		{962E3D6C-0B0D-4B07-B72F-62F26C39F0EC}.Release|iPhoneSimulator.Build.0 = Release|Any CPU
		{962E3D6C-0B0D-4B07-B72F-62F26C39F0EC}.Release|iPhoneSimulator.Deploy.0 = Release|Any CPU
		{A254BA0F-78ED-4C50-B260-36323F0FCEEC}.Debug|Any CPU.ActiveCfg = Debug|iPhone
		{A254BA0F-78ED-4C50-B260-36323F0FCEEC}.Debug|Any CPU.Build.0 = Debug|iPhone
		{A254BA0F-78ED-4C50-B260-36323F0FCEEC}.Debug|Any CPU.Deploy.0 = Debug|iPhone
		{A254BA0F-78ED-4C50-B260-36323F0FCEEC}.Debug|iPhone.ActiveCfg = Debug|iPhone
		{A254BA0F-78ED-4C50-B260-36323F0FCEEC}.Debug|iPhone.Build.0 = Debug|iPhone
		{A254BA0F-78ED-4C50-B260-36323F0FCEEC}.Debug|iPhone.Deploy.0 = Debug|iPhone
		{A254BA0F-78ED-4C50-B260-36323F0FCEEC}.Debug|iPhoneSimulator.ActiveCfg = Debug|iPhoneSimulator
		{A254BA0F-78ED-4C50-B260-36323F0FCEEC}.Debug|iPhoneSimulator.Build.0 = Debug|iPhoneSimulator
		{A254BA0F-78ED-4C50-B260-36323F0FCEEC}.Debug|iPhoneSimulator.Deploy.0 = Debug|iPhoneSimulator
		{A254BA0F-78ED-4C50-B260-36323F0FCEEC}.Release|Any CPU.ActiveCfg = Release|iPhone
		{A254BA0F-78ED-4C50-B260-36323F0FCEEC}.Release|Any CPU.Build.0 = Release|iPhone
		{A254BA0F-78ED-4C50-B260-36323F0FCEEC}.Release|Any CPU.Deploy.0 = Release|iPhone
		{A254BA0F-78ED-4C50-B260-36323F0FCEEC}.Release|iPhone.ActiveCfg = Release|iPhone
		{A254BA0F-78ED-4C50-B260-36323F0FCEEC}.Release|iPhone.Build.0 = Release|iPhone
		{A254BA0F-78ED-4C50-B260-36323F0FCEEC}.Release|iPhone.Deploy.0 = Release|iPhone
		{A254BA0F-78ED-4C50-B260-36323F0FCEEC}.Release|iPhoneSimulator.ActiveCfg = Release|iPhoneSimulator
		{A254BA0F-78ED-4C50-B260-36323F0FCEEC}.Release|iPhoneSimulator.Build.0 = Release|iPhoneSimulator
		{A254BA0F-78ED-4C50-B260-36323F0FCEEC}.Release|iPhoneSimulator.Deploy.0 = Release|iPhoneSimulator
		{DA2002A9-EF20-4781-878F-3B7771193E7A}.Debug|Any CPU.ActiveCfg = Debug|Any CPU
		{DA2002A9-EF20-4781-878F-3B7771193E7A}.Debug|Any CPU.Build.0 = Debug|Any CPU
		{DA2002A9-EF20-4781-878F-3B7771193E7A}.Debug|Any CPU.Deploy.0 = Debug|Any CPU
		{DA2002A9-EF20-4781-878F-3B7771193E7A}.Debug|iPhone.ActiveCfg = Debug|Any CPU
		{DA2002A9-EF20-4781-878F-3B7771193E7A}.Debug|iPhone.Build.0 = Debug|Any CPU
		{DA2002A9-EF20-4781-878F-3B7771193E7A}.Debug|iPhone.Deploy.0 = Debug|Any CPU
		{DA2002A9-EF20-4781-878F-3B7771193E7A}.Debug|iPhoneSimulator.ActiveCfg = Debug|Any CPU
		{DA2002A9-EF20-4781-878F-3B7771193E7A}.Debug|iPhoneSimulator.Build.0 = Debug|Any CPU
		{DA2002A9-EF20-4781-878F-3B7771193E7A}.Debug|iPhoneSimulator.Deploy.0 = Debug|Any CPU
		{DA2002A9-EF20-4781-878F-3B7771193E7A}.Release|Any CPU.ActiveCfg = Release|Any CPU
		{DA2002A9-EF20-4781-878F-3B7771193E7A}.Release|Any CPU.Build.0 = Release|Any CPU
		{DA2002A9-EF20-4781-878F-3B7771193E7A}.Release|Any CPU.Deploy.0 = Release|Any CPU
		{DA2002A9-EF20-4781-878F-3B7771193E7A}.Release|iPhone.ActiveCfg = Release|Any CPU
		{DA2002A9-EF20-4781-878F-3B7771193E7A}.Release|iPhone.Build.0 = Release|Any CPU
		{DA2002A9-EF20-4781-878F-3B7771193E7A}.Release|iPhone.Deploy.0 = Release|Any CPU
		{DA2002A9-EF20-4781-878F-3B7771193E7A}.Release|iPhoneSimulator.ActiveCfg = Release|Any CPU
		{DA2002A9-EF20-4781-878F-3B7771193E7A}.Release|iPhoneSimulator.Build.0 = Release|Any CPU
		{DA2002A9-EF20-4781-878F-3B7771193E7A}.Release|iPhoneSimulator.Deploy.0 = Release|Any CPU
	EndGlobalSection
	GlobalSection(SolutionProperties) = preSolution
		HideSolutionNode = FALSE
	EndGlobalSection
	GlobalSection(ExtensibilityGlobals) = postSolution
		SolutionGuid = {DE8CC1D7-0F72-4FDD-84C4-B0D65E939DC9}
	EndGlobalSection
EndGlobal
